<?xml version="1.0" encoding="utf-8"?>
<Project ToolsVersion="4.0" xmlns="http://schemas.microsoft.com/developer/msbuild/2003">
  <ItemGroup>
    <Filter Include="Source Files">
      <UniqueIdentifier>{575cf49d-4d13-40a6-9070-b1e27f2e51d8}</UniqueIdentifier>
      <Extensions>cpp;c;cxx;rc;def;r;odl;idl;hpj;bat</Extensions>
    </Filter>
    <Filter Include="Header Files">
      <UniqueIdentifier>{1235349f-7390-4f01-8270-d7e2c62d9fc6}</UniqueIdentifier>
      <Extensions>h;hpp;hxx;hm;inl</Extensions>
    </Filter>
    <Filter Include="Resource Files">
      <UniqueIdentifier>{001f52e4-6db1-469f-87dc-32ba93e6a4e6}</UniqueIdentifier>
      <Extensions>ico;cur;bmp;dlg;rc2;rct;bin;rgs;gif;jpg;jpeg;jpe</Extensions>
    </Filter>
  </ItemGroup>
  <ItemGroup>
    <ClCompile Include="..\..\common\Buffer.cpp">
      <Filter>Source Files</Filter>
    </ClCompile>
    <ClCompile Include="..\..\common\ClientSocket.cpp">
      <Filter>Source Files</Filter>
    </ClCompile>
    <ClCompile Include="..\..\common\InstallService.cpp">
      <Filter>Source Files</Filter>
    </ClCompile>
    <ClCompile Include="Keylog.cpp">
      <Filter>Source Files</Filter>
    </ClCompile>
    <ClCompile Include="..\..\common\Manager.cpp">
      <Filter>Source Files</Filter>
    </ClCompile>
    <ClCompile Include="MyKeyboardManager.cpp">
      <Filter>Source Files</Filter>
    </ClCompile>
    <ClCompile Include="..\..\common\RegEditEx.cpp">
      <Filter>Source Files</Filter>
    </ClCompile>
    <ClCompile Include="..\..\common\until.cpp">
      <Filter>Source Files</Filter>
    </ClCompile>
    <ClCompile Include="StdAfx.cpp">
      <Filter>Source Files</Filter>
    </ClCompile>
    <ClCompile Include="..\..\common\minilzo.cpp">
      <Filter>Source Files</Filter>
    </ClCompile>
  </ItemGroup>
  <ItemGroup>
    <ClInclude Include="..\..\common\Buffer.h">
      <Filter>Header Files</Filter>
    </ClInclude>
    <ClInclude Include="..\..\common\ClientSocket.h">
      <Filter>Header Files</Filter>
    </ClInclude>
    <ClInclude Include="..\..\common\InstallService.h">
      <Filter>Header Files</Filter>
    </ClInclude>
    <ClInclude Include="..\..\common\macros.h">
      <Filter>Header Files</Filter>
    </ClInclude>
    <ClInclude Include="..\..\common\Manager.h">
      <Filter>Header Files</Filter>
    </ClInclude>
    <ClInclude Include="MyKeyboardManager.h">
      <Filter>Header Files</Filter>
    </ClInclude>
    <ClInclude Include="..\..\common\RegEditEx.h">
      <Filter>Header Files</Filter>
    </ClInclude>
    <ClInclude Include="..\..\common\until.h">
      <Filter>Header Files</Filter>
    </ClInclude>
    <ClInclude Include="StdAfx.h">
      <Filter>Header Files</Filter>
    </ClInclude>
  </ItemGroup>
  <ItemGroup>
    <Text Include="ReadMe.txt" />
  </ItemGroup>
</Project>