
Microsoft Visual Studio Solution File, Format Version 12.00
# Visual Studio 2013
VisualStudioVersion = 12.0.31101.0
MinimumVisualStudioVersion = 10.0.40219.1
Project("{8BC9CEB8-8B4A-11D0-8D11-00A0C91BC942}") = "lx", "lx.vcxproj", "{483DDB74-7177-43A4-8A80-FD6958372369}"
EndProject
Global
	GlobalSection(SolutionConfigurationPlatforms) = preSolution
		Dll|Win32 = Dll|Win32
		Exe|Win32 = Exe|Win32
		Release|Win32 = Release|Win32
	EndGlobalSection
	GlobalSection(ProjectConfigurationPlatforms) = postSolution
		{483DDB74-7177-43A4-8A80-FD6958372369}.Dll|Win32.ActiveCfg = Dll|Win32
		{483DDB74-7177-43A4-8A80-FD6958372369}.Dll|Win32.Build.0 = Dll|Win32
		{483DDB74-7177-43A4-8A80-FD6958372369}.Exe|Win32.ActiveCfg = Exe|Win32
		{483DDB74-7177-43A4-8A80-FD6958372369}.Exe|Win32.Build.0 = Exe|Win32
		{483DDB74-7177-43A4-8A80-FD6958372369}.Release|Win32.ActiveCfg = Release|Win32
		{483DDB74-7177-43A4-8A80-FD6958372369}.Release|Win32.Build.0 = Release|Win32
	EndGlobalSection
	GlobalSection(SolutionProperties) = preSolution
		HideSolutionNode = FALSE
	EndGlobalSection
EndGlobal
