
Microsoft Visual Studio Solution File, Format Version 12.00
# Visual Studio 15
VisualStudioVersion = 15.0.26403.7
MinimumVisualStudioVersion = 10.0.40219.1
Project("{8BC9CEB8-8B4A-11D0-8D11-00A0C91BC942}") = "MyAudio", "MyAudio.vcxproj", "{C98D753F-153E-46A0-B5BA-60C61E8A9FC0}"
EndProject
Global
	GlobalSection(SolutionConfigurationPlatforms) = preSolution
		Release|x86 = Release|x86
		Template|x86 = Template|x86
	EndGlobalSection
	GlobalSection(ProjectConfigurationPlatforms) = postSolution
		{C98D753F-153E-46A0-B5BA-60C61E8A9FC0}.Release|x86.ActiveCfg = Release|Win32
		{C98D753F-153E-46A0-B5BA-60C61E8A9FC0}.Release|x86.Build.0 = Release|Win32
		{C98D753F-153E-46A0-B5BA-60C61E8A9FC0}.Template|x86.ActiveCfg = Template|Win32
		{C98D753F-153E-46A0-B5BA-60C61E8A9FC0}.Template|x86.Build.0 = Template|Win32
	EndGlobalSection
	GlobalSection(SolutionProperties) = preSolution
		HideSolutionNode = FALSE
	EndGlobalSection
EndGlobal
